
Microsoft Visual Studio Solution File, Format Version 12.00
# Visual Studio Version 17
VisualStudioVersion = 17.10.34916.146
MinimumVisualStudioVersion = 10.0.40219.1
Project("{9A19103F-16F7-4668-BE54-9A1E7A4F7556}") = "FunctionNote01", "FunctionNote01\FunctionNote01.csproj", "{A11DBC50-CD73-4C49-8BD6-FE231BB334C1}"
EndProject
Project("{9A19103F-16F7-4668-BE54-9A1E7A4F7556}") = "Api", "Api\Api.csproj", "{BAF4D71E-814C-4196-8333-A8E3D2580CD7}"
EndProject
Project("{9A19103F-16F7-4668-BE54-9A1E7A4F7556}") = "Models", "Models\Models.csproj", "{C5E64913-FA08-4D4B-B02C-D48FAF14728A}"
EndProject
Project("{9A19103F-16F7-4668-BE54-9A1E7A4F7556}") = "Services", "Services\Services.csproj", "{5CE51363-DFA0-4386-9491-BDFE732482E2}"
EndProject
Project("{FAE04EC0-301F-11D3-BF4B-00C04F79EFBC}") = "TemporaryStorage", "TemporaryStorage\TemporaryStorage.csproj", "{DD827DE5-376A-4C27-A141-B08121702F56}"
EndProject
Global
	GlobalSection(SolutionConfigurationPlatforms) = preSolution
		Debug|Any CPU = Debug|Any CPU
		Release|Any CPU = Release|Any CPU
	EndGlobalSection
	GlobalSection(ProjectConfigurationPlatforms) = postSolution
		{A11DBC50-CD73-4C49-8BD6-FE231BB334C1}.Debug|Any CPU.ActiveCfg = Debug|Any CPU
		{A11DBC50-CD73-4C49-8BD6-FE231BB334C1}.Debug|Any CPU.Build.0 = Debug|Any CPU
		{A11DBC50-CD73-4C49-8BD6-FE231BB334C1}.Release|Any CPU.ActiveCfg = Release|Any CPU
		{A11DBC50-CD73-4C49-8BD6-FE231BB334C1}.Release|Any CPU.Build.0 = Release|Any CPU
		{BAF4D71E-814C-4196-8333-A8E3D2580CD7}.Debug|Any CPU.ActiveCfg = Debug|Any CPU
		{BAF4D71E-814C-4196-8333-A8E3D2580CD7}.Debug|Any CPU.Build.0 = Debug|Any CPU
		{BAF4D71E-814C-4196-8333-A8E3D2580CD7}.Release|Any CPU.ActiveCfg = Release|Any CPU
		{BAF4D71E-814C-4196-8333-A8E3D2580CD7}.Release|Any CPU.Build.0 = Release|Any CPU
		{C5E64913-FA08-4D4B-B02C-D48FAF14728A}.Debug|Any CPU.ActiveCfg = Debug|Any CPU
		{C5E64913-FA08-4D4B-B02C-D48FAF14728A}.Debug|Any CPU.Build.0 = Debug|Any CPU
		{C5E64913-FA08-4D4B-B02C-D48FAF14728A}.Release|Any CPU.ActiveCfg = Release|Any CPU
		{C5E64913-FA08-4D4B-B02C-D48FAF14728A}.Release|Any CPU.Build.0 = Release|Any CPU
		{5CE51363-DFA0-4386-9491-BDFE732482E2}.Debug|Any CPU.ActiveCfg = Debug|Any CPU
		{5CE51363-DFA0-4386-9491-BDFE732482E2}.Debug|Any CPU.Build.0 = Debug|Any CPU
		{5CE51363-DFA0-4386-9491-BDFE732482E2}.Release|Any CPU.ActiveCfg = Release|Any CPU
		{5CE51363-DFA0-4386-9491-BDFE732482E2}.Release|Any CPU.Build.0 = Release|Any CPU
		{DD827DE5-376A-4C27-A141-B08121702F56}.Debug|Any CPU.ActiveCfg = Debug|Any CPU
		{DD827DE5-376A-4C27-A141-B08121702F56}.Debug|Any CPU.Build.0 = Debug|Any CPU
		{DD827DE5-376A-4C27-A141-B08121702F56}.Release|Any CPU.ActiveCfg = Release|Any CPU
		{DD827DE5-376A-4C27-A141-B08121702F56}.Release|Any CPU.Build.0 = Release|Any CPU
	EndGlobalSection
	GlobalSection(SolutionProperties) = preSolution
		HideSolutionNode = FALSE
	EndGlobalSection
	GlobalSection(ExtensibilityGlobals) = postSolution
		SolutionGuid = {15982262-6D7E-480A-A66D-9862179D11EB}
	EndGlobalSection
EndGlobal
